
Microsoft Visual Studio Solution File, Format Version 12.00
# Visual Studio Version 17
VisualStudioVersion = 17.8.34525.116
MinimumVisualStudioVersion = 10.0.40219.1
Project("{FAE04EC0-301F-11D3-BF4B-00C04F79EFBC}") = "WinFormsApp1", "WinFormsApp1\WinFormsApp1.csproj", "{BD6B54AA-C1F8-4164-90A3-897254FCC453}"
EndProject
Global
	GlobalSection(SolutionConfigurationPlatforms) = preSolution
		Debug|Any CPU = Debug|Any CPU
		Release|Any CPU = Release|Any CPU
	EndGlobalSection
	GlobalSection(ProjectConfigurationPlatforms) = postSolution
		{BD6B54AA-C1F8-4164-90A3-897254FCC453}.Debug|Any CPU.ActiveCfg = Debug|Any CPU
		{BD6B54AA-C1F8-4164-90A3-897254FCC453}.Debug|Any CPU.Build.0 = Debug|Any CPU
		{BD6B54AA-C1F8-4164-90A3-897254FCC453}.Release|Any CPU.ActiveCfg = Release|Any CPU
		{BD6B54AA-C1F8-4164-90A3-897254FCC453}.Release|Any CPU.Build.0 = Release|Any CPU
	EndGlobalSection
	GlobalSection(SolutionProperties) = preSolution
		HideSolutionNode = FALSE
	EndGlobalSection
	GlobalSection(ExtensibilityGlobals) = postSolution
		SolutionGuid = {07C1FAA8-716D-43A1-A427-8B9B3D4E7905}
	EndGlobalSection
EndGlobal
